
Microsoft Visual Studio Solution File, Format Version 12.00
# Visual Studio Version 16
VisualStudioVersion = 16.0.29911.84
MinimumVisualStudioVersion = 10.0.40219.1
Project("{FAE04EC0-301F-11D3-BF4B-00C04F79EFBC}") = "Pharmacy_Management_System", "Pharmacy_Management_System\Pharmacy_Management_System.csproj", "{BEF29256-B915-43AB-8C65-AFEF8A5FE9E2}"
EndProject
Global
	GlobalSection(SolutionConfigurationPlatforms) = preSolution
		Debug|Any CPU = Debug|Any CPU
		Release|Any CPU = Release|Any CPU
	EndGlobalSection
	GlobalSection(ProjectConfigurationPlatforms) = postSolution
		{BEF29256-B915-43AB-8C65-AFEF8A5FE9E2}.Debug|Any CPU.ActiveCfg = Debug|Any CPU
		{BEF29256-B915-43AB-8C65-AFEF8A5FE9E2}.Debug|Any CPU.Build.0 = Debug|Any CPU
		{BEF29256-B915-43AB-8C65-AFEF8A5FE9E2}.Release|Any CPU.ActiveCfg = Release|Any CPU
		{BEF29256-B915-43AB-8C65-AFEF8A5FE9E2}.Release|Any CPU.Build.0 = Release|Any CPU
	EndGlobalSection
	GlobalSection(SolutionProperties) = preSolution
		HideSolutionNode = FALSE
	EndGlobalSection
	GlobalSection(ExtensibilityGlobals) = postSolution
		SolutionGuid = {657DD524-4F19-4DA2-83F7-8C5C86D24223}
	EndGlobalSection
EndGlobal
